
Microsoft Visual Studio Solution File, Format Version 12.00
# Visual Studio 14
VisualStudioVersion = 14.0.25123.0
MinimumVisualStudioVersion = 10.0.40219.1
Project("{FAE04EC0-301F-11D3-BF4B-00C04F79EFBC}") = "Projeto Ninject", "Projeto Ninject\Projeto Ninject.csproj", "{DA31F3E6-B7EA-43AF-A425-7C5C53513E08}"
EndProject
Project("{FAE04EC0-301F-11D3-BF4B-00C04F79EFBC}") = "Projeto.Ninject.Service", "Projeto.Ninject.Service\Projeto.Ninject.Service.csproj", "{EBF7D81E-CCF1-4B70-B921-0362A37F8B9A}"
EndProject
Project("{FAE04EC0-301F-11D3-BF4B-00C04F79EFBC}") = "Projeto.Ninject.Business", "Projeto.Ninject.Business\Projeto.Ninject.Business.csproj", "{FD957DC9-1EDC-4F64-8273-300CC49BB964}"
EndProject
Project("{FAE04EC0-301F-11D3-BF4B-00C04F79EFBC}") = "Projeto.Contratos", "Projeto.Contratos\Projeto.Contratos.csproj", "{41006061-4B35-4B8C-B79F-DFEA42D612D1}"
EndProject
Project("{FAE04EC0-301F-11D3-BF4B-00C04F79EFBC}") = "Projeto.Ninject.Tests", "Projeto.Ninject.Tests\Projeto.Ninject.Tests.csproj", "{82912B99-E849-4B5B-A6C8-EC31950E7429}"
EndProject
Global
	GlobalSection(SolutionConfigurationPlatforms) = preSolution
		Debug|Any CPU = Debug|Any CPU
		Release|Any CPU = Release|Any CPU
	EndGlobalSection
	GlobalSection(ProjectConfigurationPlatforms) = postSolution
		{DA31F3E6-B7EA-43AF-A425-7C5C53513E08}.Debug|Any CPU.ActiveCfg = Debug|Any CPU
		{DA31F3E6-B7EA-43AF-A425-7C5C53513E08}.Debug|Any CPU.Build.0 = Debug|Any CPU
		{DA31F3E6-B7EA-43AF-A425-7C5C53513E08}.Release|Any CPU.ActiveCfg = Release|Any CPU
		{DA31F3E6-B7EA-43AF-A425-7C5C53513E08}.Release|Any CPU.Build.0 = Release|Any CPU
		{EBF7D81E-CCF1-4B70-B921-0362A37F8B9A}.Debug|Any CPU.ActiveCfg = Debug|Any CPU
		{EBF7D81E-CCF1-4B70-B921-0362A37F8B9A}.Debug|Any CPU.Build.0 = Debug|Any CPU
		{EBF7D81E-CCF1-4B70-B921-0362A37F8B9A}.Release|Any CPU.ActiveCfg = Release|Any CPU
		{EBF7D81E-CCF1-4B70-B921-0362A37F8B9A}.Release|Any CPU.Build.0 = Release|Any CPU
		{FD957DC9-1EDC-4F64-8273-300CC49BB964}.Debug|Any CPU.ActiveCfg = Debug|Any CPU
		{FD957DC9-1EDC-4F64-8273-300CC49BB964}.Debug|Any CPU.Build.0 = Debug|Any CPU
		{FD957DC9-1EDC-4F64-8273-300CC49BB964}.Release|Any CPU.ActiveCfg = Release|Any CPU
		{FD957DC9-1EDC-4F64-8273-300CC49BB964}.Release|Any CPU.Build.0 = Release|Any CPU
		{41006061-4B35-4B8C-B79F-DFEA42D612D1}.Debug|Any CPU.ActiveCfg = Debug|Any CPU
		{41006061-4B35-4B8C-B79F-DFEA42D612D1}.Debug|Any CPU.Build.0 = Debug|Any CPU
		{41006061-4B35-4B8C-B79F-DFEA42D612D1}.Release|Any CPU.ActiveCfg = Release|Any CPU
		{41006061-4B35-4B8C-B79F-DFEA42D612D1}.Release|Any CPU.Build.0 = Release|Any CPU
		{82912B99-E849-4B5B-A6C8-EC31950E7429}.Debug|Any CPU.ActiveCfg = Debug|Any CPU
		{82912B99-E849-4B5B-A6C8-EC31950E7429}.Debug|Any CPU.Build.0 = Debug|Any CPU
		{82912B99-E849-4B5B-A6C8-EC31950E7429}.Release|Any CPU.ActiveCfg = Release|Any CPU
		{82912B99-E849-4B5B-A6C8-EC31950E7429}.Release|Any CPU.Build.0 = Release|Any CPU
	EndGlobalSection
	GlobalSection(SolutionProperties) = preSolution
		HideSolutionNode = FALSE
	EndGlobalSection
EndGlobal
